{
  "version": 4,
  "terraform_version": "1.5.4",
  "serial": 192,
  "lineage": "db91042d-c184-cce1-46cb-5489873cc0b3",
  "outputs": {
    "kubernetes_cluster_host": {
      "value": "10.13.0.2",
      "type": "string"
    },
    "kubernetes_cluster_name": {
      "value": "cabal-cluster",
      "type": "string"
    }
  },
  "resources": [
    {
      "mode": "managed",
      "type": "google_compute_address",
      "name": "my_internal_ip_addr",
      "provider": "provider[\"registry.terraform.io/hashicorp/google\"]",
      "instances": [
        {
          "schema_version": 0,
          "attributes": {
            "address": "10.0.0.7",
            "address_type": "INTERNAL",
            "creation_timestamp": "2023-07-29T13:10:43.648-07:00",
            "description": "An internal IP address for my jump host",
            "id": "projects/cabal-archi/regions/europe-west9/addresses/my-ip",
            "name": "my-ip",
            "network": "",
            "network_tier": "PREMIUM",
            "prefix_length": 0,
            "project": "cabal-archi",
            "purpose": "GCE_ENDPOINT",
            "region": "europe-west9",
            "self_link": "https://www.googleapis.com/compute/v1/projects/cabal-archi/regions/europe-west9/addresses/my-ip",
            "subnetwork": "https://www.googleapis.com/compute/v1/projects/cabal-archi/regions/europe-west9/subnetworks/subnet",
            "timeouts": null,
            "users": []
          },
          "sensitive_attributes": [],
          "private": "eyJlMmJmYjczMC1lY2FhLTExZTYtOGY4OC0zNDM2M2JjN2M0YzAiOnsiY3JlYXRlIjoyNDAwMDAwMDAwMDAsImRlbGV0ZSI6MjQwMDAwMDAwMDAwfX0="
        }
      ]
    },
    {
      "mode": "managed",
      "type": "google_compute_firewall",
      "name": "rules",
      "provider": "provider[\"registry.terraform.io/hashicorp/google\"]",
      "instances": [
        {
          "schema_version": 1,
          "attributes": {
            "allow": [
              {
                "ports": [
                  "22"
                ],
                "protocol": "tcp"
              }
            ],
            "creation_timestamp": "2023-07-29T13:10:40.810-07:00",
            "deny": [],
            "description": "",
            "destination_ranges": [],
            "direction": "INGRESS",
            "disabled": false,
            "enable_logging": null,
            "id": "projects/cabal-archi/global/firewalls/allow-ssh",
            "log_config": [],
            "name": "allow-ssh",
            "network": "https://www.googleapis.com/compute/v1/projects/cabal-archi/global/networks/vpc1",
            "priority": 1000,
            "project": "cabal-archi",
            "self_link": "https://www.googleapis.com/compute/v1/projects/cabal-archi/global/firewalls/allow-ssh",
            "source_ranges": [
              "35.235.240.0/20"
            ],
            "source_service_accounts": null,
            "source_tags": null,
            "target_service_accounts": null,
            "target_tags": null,
            "timeouts": null
          },
          "sensitive_attributes": [],
          "private": "eyJlMmJmYjczMC1lY2FhLTExZTYtOGY4OC0zNDM2M2JjN2M0YzAiOnsiY3JlYXRlIjoyNDAwMDAwMDAwMDAsImRlbGV0ZSI6MjQwMDAwMDAwMDAwLCJ1cGRhdGUiOjI0MDAwMDAwMDAwMH0sInNjaGVtYV92ZXJzaW9uIjoiMSJ9"
        }
      ]
    },
    {
      "mode": "managed",
      "type": "google_compute_instance",
      "name": "default",
      "provider": "provider[\"registry.terraform.io/hashicorp/google\"]",
      "instances": [
        {
          "schema_version": 6,
          "attributes": {
            "advanced_machine_features": [],
            "allow_stopping_for_update": null,
            "attached_disk": [],
            "boot_disk": [
              {
                "auto_delete": true,
                "device_name": "persistent-disk-0",
                "disk_encryption_key_raw": "",
                "disk_encryption_key_sha256": "",
                "initialize_params": [
                  {
                    "image": "https://www.googleapis.com/compute/v1/projects/debian-cloud/global/images/debian-11-bullseye-v20230711",
                    "labels": {},
                    "size": 10,
                    "type": "pd-standard"
                  }
                ],
                "kms_key_self_link": "",
                "mode": "READ_WRITE",
                "source": "https://www.googleapis.com/compute/v1/projects/cabal-archi/zones/europe-west9-a/disks/jump-host"
              }
            ],
            "can_ip_forward": false,
            "confidential_instance_config": [],
            "cpu_platform": "Intel Broadwell",
            "current_status": "RUNNING",
            "deletion_protection": false,
            "description": "",
            "desired_status": null,
            "enable_display": false,
            "guest_accelerator": [],
            "hostname": "",
            "id": "projects/cabal-archi/zones/europe-west9-a/instances/jump-host",
            "instance_id": "8702358177303809184",
            "label_fingerprint": "42WmSpB8rSM=",
            "labels": null,
            "machine_type": "e2-medium",
            "metadata": null,
            "metadata_fingerprint": "NsR6K0JfdF4=",
            "metadata_startup_script": null,
            "min_cpu_platform": "",
            "name": "jump-host",
            "network_interface": [
              {
                "access_config": [],
                "alias_ip_range": [],
                "ipv6_access_config": [],
                "ipv6_access_type": "",
                "name": "nic0",
                "network": "https://www.googleapis.com/compute/v1/projects/cabal-archi/global/networks/vpc1",
                "network_ip": "10.0.0.7",
                "nic_type": "",
                "queue_count": 0,
                "stack_type": "IPV4_ONLY",
                "subnetwork": "https://www.googleapis.com/compute/v1/projects/cabal-archi/regions/europe-west9/subnetworks/subnet",
                "subnetwork_project": "cabal-archi"
              }
            ],
            "project": "cabal-archi",
            "reservation_affinity": [],
            "resource_policies": null,
            "scheduling": [
              {
                "automatic_restart": true,
                "min_node_cpus": 0,
                "node_affinities": [],
                "on_host_maintenance": "MIGRATE",
                "preemptible": false
              }
            ],
            "scratch_disk": [],
            "self_link": "https://www.googleapis.com/compute/v1/projects/cabal-archi/zones/europe-west9-a/instances/jump-host",
            "service_account": [],
            "shielded_instance_config": [
              {
                "enable_integrity_monitoring": true,
                "enable_secure_boot": false,
                "enable_vtpm": true
              }
            ],
            "tags": null,
            "tags_fingerprint": "42WmSpB8rSM=",
            "timeouts": null,
            "zone": "europe-west9-a"
          },
          "sensitive_attributes": [],
          "private": "eyJlMmJmYjczMC1lY2FhLTExZTYtOGY4OC0zNDM2M2JjN2M0YzAiOnsiY3JlYXRlIjoxMjAwMDAwMDAwMDAwLCJkZWxldGUiOjEyMDAwMDAwMDAwMDAsInVwZGF0ZSI6MTIwMDAwMDAwMDAwMH0sInNjaGVtYV92ZXJzaW9uIjoiNiJ9",
          "dependencies": [
            "google_compute_address.my_internal_ip_addr"
          ]
        }
      ]
    },
    {
      "mode": "managed",
      "type": "google_compute_network",
      "name": "vpc",
      "provider": "provider[\"registry.terraform.io/hashicorp/google\"]",
      "instances": [
        {
          "schema_version": 0,
          "attributes": {
            "auto_create_subnetworks": false,
            "delete_default_routes_on_create": false,
            "description": "",
            "gateway_ipv4": "",
            "id": "projects/cabal-archi/global/networks/vpc1",
            "mtu": 0,
            "name": "vpc1",
            "project": "cabal-archi",
            "routing_mode": "REGIONAL",
            "self_link": "https://www.googleapis.com/compute/v1/projects/cabal-archi/global/networks/vpc1",
            "timeouts": null
          },
          "sensitive_attributes": [],
          "private": "eyJlMmJmYjczMC1lY2FhLTExZTYtOGY4OC0zNDM2M2JjN2M0YzAiOnsiY3JlYXRlIjoyNDAwMDAwMDAwMDAsImRlbGV0ZSI6MjQwMDAwMDAwMDAwLCJ1cGRhdGUiOjI0MDAwMDAwMDAwMH19"
        }
      ]
    },
    {
      "mode": "managed",
      "type": "google_compute_router",
      "name": "router",
      "provider": "provider[\"registry.terraform.io/hashicorp/google\"]",
      "instances": [
        {
          "schema_version": 0,
          "attributes": {
            "bgp": [],
            "creation_timestamp": "2023-07-29T13:10:40.973-07:00",
            "description": "",
            "encrypted_interconnect_router": false,
            "id": "projects/cabal-archi/regions/europe-west9/routers/nat-router",
            "name": "nat-router",
            "network": "https://www.googleapis.com/compute/v1/projects/cabal-archi/global/networks/vpc1",
            "project": "cabal-archi",
            "region": "europe-west9",
            "self_link": "https://www.googleapis.com/compute/v1/projects/cabal-archi/regions/europe-west9/routers/nat-router",
            "timeouts": null
          },
          "sensitive_attributes": [],
          "private": "eyJlMmJmYjczMC1lY2FhLTExZTYtOGY4OC0zNDM2M2JjN2M0YzAiOnsiY3JlYXRlIjoyNDAwMDAwMDAwMDAsImRlbGV0ZSI6MjQwMDAwMDAwMDAwLCJ1cGRhdGUiOjI0MDAwMDAwMDAwMH19"
        }
      ]
    },
    {
      "mode": "managed",
      "type": "google_compute_subnetwork",
      "name": "subnet",
      "provider": "provider[\"registry.terraform.io/hashicorp/google\"]",
      "instances": [
        {
          "schema_version": 0,
          "attributes": {
            "creation_timestamp": "2023-07-29T12:54:32.169-07:00",
            "description": "",
            "external_ipv6_prefix": "",
            "fingerprint": null,
            "gateway_address": "10.0.0.1",
            "id": "projects/cabal-archi/regions/europe-west9/subnetworks/subnet",
            "ip_cidr_range": "10.0.0.0/24",
            "ipv6_access_type": "",
            "ipv6_cidr_range": "",
            "log_config": [],
            "name": "subnet",
            "network": "https://www.googleapis.com/compute/v1/projects/cabal-archi/global/networks/vpc1",
            "private_ip_google_access": false,
            "private_ipv6_google_access": "DISABLE_GOOGLE_ACCESS",
            "project": "cabal-archi",
            "purpose": "PRIVATE",
            "region": "europe-west9",
            "role": "",
            "secondary_ip_range": [
              {
                "ip_cidr_range": "10.11.0.0/21",
                "range_name": "gke-cabal-cluster-pods-6255e2bd"
              },
              {
                "ip_cidr_range": "10.12.0.0/21",
                "range_name": "gke-cabal-cluster-services-6255e2bd"
              }
            ],
            "self_link": "https://www.googleapis.com/compute/v1/projects/cabal-archi/regions/europe-west9/subnetworks/subnet",
            "stack_type": "IPV4_ONLY",
            "timeouts": null
          },
          "sensitive_attributes": [],
          "private": "eyJlMmJmYjczMC1lY2FhLTExZTYtOGY4OC0zNDM2M2JjN2M0YzAiOnsiY3JlYXRlIjozNjAwMDAwMDAwMDAsImRlbGV0ZSI6MzYwMDAwMDAwMDAwLCJ1cGRhdGUiOjM2MDAwMDAwMDAwMH19",
          "dependencies": [
            "google_compute_network.vpc"
          ]
        }
      ]
    },
    {
      "mode": "managed",
      "type": "google_container_cluster",
      "name": "primary",
      "provider": "provider[\"registry.terraform.io/hashicorp/google\"]",
      "instances": [
        {
          "schema_version": 1,
          "attributes": {
            "addons_config": [
              {
                "cloudrun_config": [],
                "horizontal_pod_autoscaling": [],
                "http_load_balancing": [],
                "network_policy_config": [
                  {
                    "disabled": true
                  }
                ]
              }
            ],
            "authenticator_groups_config": [],
            "cluster_autoscaling": [
              {
                "auto_provisioning_defaults": [],
                "enabled": false,
                "resource_limits": []
              }
            ],
            "cluster_ipv4_cidr": "10.11.0.0/21",
            "confidential_nodes": [],
            "database_encryption": [
              {
                "key_name": "",
                "state": "DECRYPTED"
              }
            ],
            "datapath_provider": "",
            "default_max_pods_per_node": 110,
            "default_snat_status": [
              {
                "disabled": false
              }
            ],
            "description": "",
            "dns_config": [],
            "enable_autopilot": false,
            "enable_binary_authorization": false,
            "enable_intranode_visibility": false,
            "enable_kubernetes_alpha": false,
            "enable_legacy_abac": false,
            "enable_shielded_nodes": true,
            "enable_tpu": false,
            "endpoint": "10.13.0.2",
            "id": "projects/cabal-archi/locations/europe-west9-a/clusters/cabal-cluster",
            "initial_node_count": 1,
            "ip_allocation_policy": [
              {
                "cluster_ipv4_cidr_block": "10.11.0.0/21",
                "cluster_secondary_range_name": "gke-cabal-cluster-pods-6255e2bd",
                "services_ipv4_cidr_block": "10.12.0.0/21",
                "services_secondary_range_name": "gke-cabal-cluster-services-6255e2bd"
              }
            ],
            "label_fingerprint": "a9dc16a7",
            "location": "europe-west9-a",
            "logging_config": [
              {
                "enable_components": [
                  "SYSTEM_COMPONENTS",
                  "WORKLOADS"
                ]
              }
            ],
            "logging_service": "logging.googleapis.com/kubernetes",
            "maintenance_policy": [],
            "master_auth": [
              {
                "client_certificate": "",
                "client_certificate_config": [
                  {
                    "issue_client_certificate": false
                  }
                ],
                "client_key": "",
                "cluster_ca_certificate": "LS0tLS1CRUdJTiBDRVJUSUZJQ0FURS0tLS0tCk1JSUVMRENDQXBTZ0F3SUJBZ0lRV3lIa2FUUXkzUTcxMUJia0o3TXlFVEFOQmdrcWhraUc5dzBCQVFzRkFEQXYKTVMwd0t3WURWUVFERXlRNU0yWTJPRGxoT1MxaU9UTTVMVFF5WVRrdE9EZ3pOUzB5TWpBM1pERXdOek5qT0dRdwpJQmNOTWpNd056STVNVGcxTkRVeldoZ1BNakExTXpBM01qRXhPVFUwTlROYU1DOHhMVEFyQmdOVkJBTVRKRGt6ClpqWTRPV0U1TFdJNU16a3ROREpoT1MwNE9ETTFMVEl5TURka01UQTNNMk00WkRDQ0FhSXdEUVlKS29aSWh2Y04KQVFFQkJRQURnZ0dQQURDQ0FZb0NnZ0dCQUxaazlhYlpLRUVmUml5dEpmL28zcE11bkc2V2hiS0ZqcU9IbVRzUgpCOUJCYTA1SFlFTzFzT1ZPZXdNbCtYQy9hQWE0YjBlSjBERXhVSmszZm9uaHczd0x6d2NNbG1GWHc0cVd6bTZtCldNMjlvaldYODFHbkJtMTVQRFNXSTRyNStzaldCcHlYYmRKeTNNVlRzVDR3OXlteXMzdGJJNnJEKzBoS1dEc1kKaWZkaUM2QnNOMXNRbldFQjgyMVU0RGdVbnUxU0UxVGUrdE8yVEJkT3pkWHNIRXROTkxFNE5CSnZHNDRCZkVyUApBZE96amRvMUs0bllzN0gzaUJsaEFSeWtJeElxTXZxSVhOU2JwWVhRVG9Md21oekRhN2lJOFdVODRVajFQTWcxCmpXc2ZQb3hzdDZiU0NEeWhBSW5rbHlYTHplcDVwYVNiTlQvajZGQ1lvd2dwdG5zRUorREY2OTd5NmFQNnh1Yi8KWm1HY1ZZWEZXYnBGSkM2SzlodjI0aFh2ZzAvczErcXMyOEc2ajFvenUwZ3FOc0htRHF4TEVNMjBmSmV0VWNWcApyQzJwR3RRNmlTV1Iza0ZscktFRFUxT0g4dVJCZmwzYmhDZmNkdDhMRjVFVU9MU1hDQzlGWVBMckt5cVdHMHN0Cmw2cnZxd1J6ZWFtaGY2eXhXbFhNSklxTW5RSURBUUFCbzBJd1FEQU9CZ05WSFE4QkFmOEVCQU1DQWdRd0R3WUQKVlIwVEFRSC9CQVV3QXdFQi96QWRCZ05WSFE0RUZnUVVlUkNXTUkvams4MXBIL3dNZmZpcS9SZGw0WTR3RFFZSgpLb1pJaHZjTkFRRUxCUUFEZ2dHQkFEZkJhRUZTVDNpNzF2d3Z5dWdhNWxqSzVNM01BTnlnblI4RnZzeFJrQTMrCkYrOFk5bmNrc2oyZWxPMmZkMXBhNnJZMldEYysvZ2lwckloRFJzVkZLenhGdWw4U0xWUlpOVitoSmpsVkQrb20Kb0FiVTN6Qml4Wm1Pa1RMM2E4d2RQV01KSWI0aVl4em11enZnbVc3djh0U05aVWZQVElDZGVWM1lEaHhOdnY5WAo5UkovVUh6eW16R2ZTQ0FOWC8xSzYzdmdSODVPQi8wMFcwbGJzeC9VbFlIaXpjNFltaDV5ZFgxVHlHclpLYStuCjYydmhkVDM1RkJoRFlFM0dCeEk4djA5cG9sTk9ZSXRLWWRJcHE1cDNnV3EzcHpyWG1JWFNpcHJzR05ZU0VKcUUKNm1CeHloOE9PZm81czdRUzhRbFNZOVV6TXd5bzJER2xLeE1ValZpTlRTeVdXV3FaOGxPQUJSRkdYTzMyTDhCVAo0OEtLZDBGOUdDRlRHQjA5OFZ1Y21TenloY0hMc1ZCK3ZySHFWK1RiMVF5RlZod29qTlFLdFBTNS9WN0ZyUHlLCmEwdzZueExyUWMvSGdEN01rWE9iWit4TnBnZEcwOE5Mb3lHeXhzQ29sdUFWRjdWOGdaVEVYTjFqYVB3UXRMc2QKaS9hb20xa1FZSkMwQUVmaW9XZ25qQT09Ci0tLS0tRU5EIENFUlRJRklDQVRFLS0tLS0K"
              }
            ],
            "master_authorized_networks_config": [
              {
                "cidr_blocks": [
                  {
                    "cidr_block": "10.0.0.7/32",
                    "display_name": "net1"
                  }
                ]
              }
            ],
            "master_version": "1.27.2-gke.1200",
            "min_master_version": null,
            "monitoring_config": [
              {
                "enable_components": [
                  "SYSTEM_COMPONENTS"
                ]
              }
            ],
            "monitoring_service": "monitoring.googleapis.com/kubernetes",
            "name": "cabal-cluster",
            "network": "projects/cabal-archi/global/networks/vpc1",
            "network_policy": [
              {
                "enabled": false,
                "provider": "PROVIDER_UNSPECIFIED"
              }
            ],
            "networking_mode": "VPC_NATIVE",
            "node_config": [
              {
                "boot_disk_kms_key": "",
                "disk_size_gb": 100,
                "disk_type": "pd-balanced",
                "gcfs_config": [],
                "guest_accelerator": [],
                "image_type": "COS_CONTAINERD",
                "labels": {
                  "env": "cabal-ynov"
                },
                "local_ssd_count": 0,
                "machine_type": "e2-standard-2",
                "metadata": {
                  "disable-legacy-endpoints": "true"
                },
                "min_cpu_platform": "",
                "node_group": "",
                "oauth_scopes": [
                  "https://www.googleapis.com/auth/logging.write",
                  "https://www.googleapis.com/auth/monitoring"
                ],
                "preemptible": true,
                "service_account": "default",
                "shielded_instance_config": [
                  {
                    "enable_integrity_monitoring": true,
                    "enable_secure_boot": false
                  }
                ],
                "tags": [],
                "taint": [],
                "workload_metadata_config": []
              }
            ],
            "node_locations": [],
            "node_pool": [
              {
                "autoscaling": [],
                "initial_node_count": 3,
                "instance_group_urls": [
                  "https://www.googleapis.com/compute/v1/projects/cabal-archi/zones/europe-west9-a/instanceGroupManagers/gke-cabal-cluster-cabal-cluster-889578f3-grp"
                ],
                "managed_instance_group_urls": [
                  "https://www.googleapis.com/compute/v1/projects/cabal-archi/zones/europe-west9-a/instanceGroups/gke-cabal-cluster-cabal-cluster-889578f3-grp"
                ],
                "management": [
                  {
                    "auto_repair": true,
                    "auto_upgrade": true
                  }
                ],
                "max_pods_per_node": 110,
                "name": "cabal-cluster",
                "name_prefix": "",
                "node_config": [
                  {
                    "boot_disk_kms_key": "",
                    "disk_size_gb": 100,
                    "disk_type": "pd-balanced",
                    "gcfs_config": [],
                    "guest_accelerator": [],
                    "image_type": "COS_CONTAINERD",
                    "labels": {
                      "env": "cabal-ynov"
                    },
                    "local_ssd_count": 0,
                    "machine_type": "e2-standard-2",
                    "metadata": {
                      "disable-legacy-endpoints": "true"
                    },
                    "min_cpu_platform": "",
                    "node_group": "",
                    "oauth_scopes": [
                      "https://www.googleapis.com/auth/logging.write",
                      "https://www.googleapis.com/auth/monitoring"
                    ],
                    "preemptible": true,
                    "service_account": "default",
                    "shielded_instance_config": [
                      {
                        "enable_integrity_monitoring": true,
                        "enable_secure_boot": false
                      }
                    ],
                    "tags": [],
                    "taint": [],
                    "workload_metadata_config": []
                  }
                ],
                "node_count": 3,
                "node_locations": [
                  "europe-west9-a"
                ],
                "upgrade_settings": [
                  {
                    "max_surge": 1,
                    "max_unavailable": 0
                  }
                ],
                "version": "1.27.2-gke.1200"
              }
            ],
            "node_version": "1.27.2-gke.1200",
            "operation": null,
            "private_cluster_config": [
              {
                "enable_private_endpoint": true,
                "enable_private_nodes": true,
                "master_global_access_config": [
                  {
                    "enabled": false
                  }
                ],
                "master_ipv4_cidr_block": "10.13.0.0/28",
                "peering_name": "gke-n5735bb00f143507312c-ac41-22d1-peer",
                "private_endpoint": "10.13.0.2",
                "public_endpoint": "34.155.199.33"
              }
            ],
            "private_ipv6_google_access": "",
            "project": "cabal-archi",
            "release_channel": [
              {
                "channel": "REGULAR"
              }
            ],
            "remove_default_node_pool": true,
            "resource_labels": {},
            "resource_usage_export_config": [],
            "self_link": "https://container.googleapis.com/v1/projects/cabal-archi/zones/europe-west9-a/clusters/cabal-cluster",
            "services_ipv4_cidr": "10.12.0.0/21",
            "subnetwork": "projects/cabal-archi/regions/europe-west9/subnetworks/subnet",
            "timeouts": null,
            "tpu_ipv4_cidr_block": "",
            "vertical_pod_autoscaling": [],
            "workload_identity_config": []
          },
          "sensitive_attributes": [],
          "private": "eyJlMmJmYjczMC1lY2FhLTExZTYtOGY4OC0zNDM2M2JjN2M0YzAiOnsiY3JlYXRlIjoyNDAwMDAwMDAwMDAwLCJkZWxldGUiOjI0MDAwMDAwMDAwMDAsInJlYWQiOjI0MDAwMDAwMDAwMDAsInVwZGF0ZSI6MzYwMDAwMDAwMDAwMH0sInNjaGVtYV92ZXJzaW9uIjoiMSJ9",
          "dependencies": [
            "google_compute_network.vpc",
            "google_compute_subnetwork.subnet"
          ]
        }
      ]
    },
    {
      "mode": "managed",
      "type": "google_container_node_pool",
      "name": "primary_nodes",
      "provider": "provider[\"registry.terraform.io/hashicorp/google\"]",
      "instances": [
        {
          "schema_version": 1,
          "attributes": {
            "autoscaling": [],
            "cluster": "cabal-cluster",
            "id": "projects/cabal-archi/locations/europe-west9-a/clusters/cabal-cluster/nodePools/cabal-cluster",
            "initial_node_count": 3,
            "instance_group_urls": [
              "https://www.googleapis.com/compute/v1/projects/cabal-archi/zones/europe-west9-a/instanceGroupManagers/gke-cabal-cluster-cabal-cluster-889578f3-grp"
            ],
            "location": "europe-west9-a",
            "managed_instance_group_urls": [
              "https://www.googleapis.com/compute/v1/projects/cabal-archi/zones/europe-west9-a/instanceGroups/gke-cabal-cluster-cabal-cluster-889578f3-grp"
            ],
            "management": [
              {
                "auto_repair": true,
                "auto_upgrade": true
              }
            ],
            "max_pods_per_node": 110,
            "name": "cabal-cluster",
            "name_prefix": "",
            "node_config": [
              {
                "boot_disk_kms_key": "",
                "disk_size_gb": 100,
                "disk_type": "pd-balanced",
                "gcfs_config": [],
                "guest_accelerator": [],
                "image_type": "COS_CONTAINERD",
                "labels": {
                  "env": "cabal-ynov"
                },
                "local_ssd_count": 0,
                "machine_type": "e2-standard-2",
                "metadata": {
                  "disable-legacy-endpoints": "true"
                },
                "min_cpu_platform": "",
                "node_group": "",
                "oauth_scopes": [
                  "https://www.googleapis.com/auth/logging.write",
                  "https://www.googleapis.com/auth/monitoring"
                ],
                "preemptible": true,
                "service_account": "default",
                "shielded_instance_config": [
                  {
                    "enable_integrity_monitoring": true,
                    "enable_secure_boot": false
                  }
                ],
                "tags": [],
                "taint": [],
                "workload_metadata_config": []
              }
            ],
            "node_count": 3,
            "node_locations": [
              "europe-west9-a"
            ],
            "operation": null,
            "project": "cabal-archi",
            "timeouts": null,
            "upgrade_settings": [
              {
                "max_surge": 1,
                "max_unavailable": 0
              }
            ],
            "version": "1.27.2-gke.1200"
          },
          "sensitive_attributes": [],
          "private": "eyJlMmJmYjczMC1lY2FhLTExZTYtOGY4OC0zNDM2M2JjN2M0YzAiOnsiY3JlYXRlIjoxODAwMDAwMDAwMDAwLCJkZWxldGUiOjE4MDAwMDAwMDAwMDAsInVwZGF0ZSI6MTgwMDAwMDAwMDAwMH0sInNjaGVtYV92ZXJzaW9uIjoiMSJ9",
          "dependencies": [
            "google_compute_network.vpc",
            "google_compute_subnetwork.subnet",
            "google_container_cluster.primary"
          ]
        }
      ]
    },
    {
      "mode": "managed",
      "type": "google_project_iam_member",
      "name": "project",
      "provider": "provider[\"registry.terraform.io/hashicorp/google\"]",
      "instances": [
        {
          "schema_version": 0,
          "attributes": {
            "condition": [],
            "etag": "BwYBpZBk9A0=",
            "id": "cabal-archi/roles/iap.tunnelResourceAccessor/serviceAccount:cabal-archi@cabal-archi.iam.gserviceaccount.com",
            "member": "serviceAccount:cabal-archi@cabal-archi.iam.gserviceaccount.com",
            "project": "cabal-archi",
            "role": "roles/iap.tunnelResourceAccessor"
          },
          "sensitive_attributes": [],
          "private": "bnVsbA=="
        }
      ]
    },
    {
      "module": "module.cloud-nat",
      "mode": "managed",
      "type": "google_compute_router_nat",
      "name": "main",
      "provider": "provider[\"registry.terraform.io/hashicorp/google\"]",
      "instances": [
        {
          "schema_version": 0,
          "attributes": {
            "drain_nat_ips": null,
            "enable_endpoint_independent_mapping": true,
            "icmp_idle_timeout_sec": 30,
            "id": "cabal-archi/europe-west9/nat-router/nat-config",
            "log_config": [],
            "min_ports_per_vm": 64,
            "name": "nat-config",
            "nat_ip_allocate_option": "AUTO_ONLY",
            "nat_ips": null,
            "project": "cabal-archi",
            "region": "europe-west9",
            "router": "nat-router",
            "source_subnetwork_ip_ranges_to_nat": "ALL_SUBNETWORKS_ALL_IP_RANGES",
            "subnetwork": [],
            "tcp_established_idle_timeout_sec": 1200,
            "tcp_transitory_idle_timeout_sec": 30,
            "timeouts": null,
            "udp_idle_timeout_sec": 30
          },
          "sensitive_attributes": [],
          "private": "eyJlMmJmYjczMC1lY2FhLTExZTYtOGY4OC0zNDM2M2JjN2M0YzAiOnsiY3JlYXRlIjo2MDAwMDAwMDAwMDAsImRlbGV0ZSI6NjAwMDAwMDAwMDAwLCJ1cGRhdGUiOjYwMDAwMDAwMDAwMH19",
          "dependencies": [
            "google_compute_router.router",
            "module.cloud-nat.google_compute_router.router",
            "module.cloud-nat.random_string.name_suffix"
          ]
        }
      ]
    },
    {
      "module": "module.cloud-nat",
      "mode": "managed",
      "type": "random_string",
      "name": "name_suffix",
      "provider": "provider[\"registry.terraform.io/hashicorp/random\"]",
      "instances": [
        {
          "schema_version": 2,
          "attributes": {
            "id": "pga91t",
            "keepers": null,
            "length": 6,
            "lower": true,
            "min_lower": 0,
            "min_numeric": 0,
            "min_special": 0,
            "min_upper": 0,
            "number": true,
            "numeric": true,
            "override_special": null,
            "result": "pga91t",
            "special": false,
            "upper": false
          },
          "sensitive_attributes": []
        }
      ]
    }
  ],
  "check_results": null
}
